
Microsoft Visual Studio Solution File, Format Version 12.00
# Visual Studio 2015
Project("{FAE04EC0-301F-11D3-BF4B-00C04F79EFBC}") = "unity.move2", "unity.move2.csproj", "{F5009C5A-9617-C680-3B56-1DF506BEBF12}"
EndProject
Project("{FAE04EC0-301F-11D3-BF4B-00C04F79EFBC}") = "unity.move2.Editor", "unity.move2.Editor.csproj", "{BE4F72E7-8FA5-49DE-F82D-9D086E50EC36}"
EndProject
Global
	GlobalSection(SolutionConfigurationPlatforms) = preSolution
		Debug|Any CPU = Debug|Any CPU
		Release|Any CPU = Release|Any CPU
	EndGlobalSection
	GlobalSection(ProjectConfigurationPlatforms) = postSolution
		{F5009C5A-9617-C680-3B56-1DF506BEBF12}.Debug|Any CPU.ActiveCfg = Debug|Any CPU
		{F5009C5A-9617-C680-3B56-1DF506BEBF12}.Debug|Any CPU.Build.0 = Debug|Any CPU
		{F5009C5A-9617-C680-3B56-1DF506BEBF12}.Release|Any CPU.ActiveCfg = Release|Any CPU
		{F5009C5A-9617-C680-3B56-1DF506BEBF12}.Release|Any CPU.Build.0 = Release|Any CPU
		{BE4F72E7-8FA5-49DE-F82D-9D086E50EC36}.Debug|Any CPU.ActiveCfg = Debug|Any CPU
		{BE4F72E7-8FA5-49DE-F82D-9D086E50EC36}.Debug|Any CPU.Build.0 = Debug|Any CPU
		{BE4F72E7-8FA5-49DE-F82D-9D086E50EC36}.Release|Any CPU.ActiveCfg = Release|Any CPU
		{BE4F72E7-8FA5-49DE-F82D-9D086E50EC36}.Release|Any CPU.Build.0 = Release|Any CPU
	EndGlobalSection
	GlobalSection(SolutionProperties) = preSolution
		HideSolutionNode = FALSE
	EndGlobalSection
EndGlobal
